// !$*UTF8*$!
{
	archiveVersion = 1;
	classes = {
	};
	objectVersion = 46;
	objects = {

/* Begin PBXBuildFile section */
		8262C0851CC7483500EB596C /* main.m in Sources */ = {isa = PBXBuildFile; fileRef = 8262C0841CC7483500EB596C /* main.m */; };
		8262C0881CC7483500EB596C /* AppDelegate.m in Sources */ = {isa = PBXBuildFile; fileRef = 8262C0871CC7483500EB596C /* AppDelegate.m */; };
		8262C08E1CC7483500EB596C /* Main.storyboard in Resources */ = {isa = PBXBuildFile; fileRef = 8262C08C1CC7483500EB596C /* Main.storyboard */; };
		8262C0901CC7483500EB596C /* Assets.xcassets in Resources */ = {isa = PBXBuildFile; fileRef = 8262C08F1CC7483500EB596C /* Assets.xcassets */; };
		8262C0931CC7483500EB596C /* LaunchScreen.storyboard in Resources */ = {isa = PBXBuildFile; fileRef = 8262C0911CC7483500EB596C /* LaunchScreen.storyboard */; };
		82C0D1A91CC74D7F0025C530 /* AVFoundation.framework in Frameworks */ = {isa = PBXBuildFile; fileRef = 82C0D1A81CC74D7F0025C530 /* AVFoundation.framework */; };
		82C0D27E1CC8BBAB0025C530 /* SKSpotifyPlaybackTableViewController.m in Sources */ = {isa = PBXBuildFile; fileRef = 82C0D27D1CC8BBAB0025C530 /* SKSpotifyPlaybackTableViewController.m */; };
		82C0D2811CC8C6DE0025C530 /* SKSpotifyPlayerViewController.m in Sources */ = {isa = PBXBuildFile; fileRef = 82C0D2801CC8C6DE0025C530 /* SKSpotifyPlayerViewController.m */; };
		82C5A0771D3D668400F99AE8 /* Spotify.framework in Frameworks */ = {isa = PBXBuildFile; fileRef = 82C5A0761D3D668400F99AE8 /* Spotify.framework */; };
/* End PBXBuildFile section */

/* Begin PBXFileReference section */
		8262C0801CC7483500EB596C /* SKSpotifyDemo.app */ = {isa = PBXFileReference; explicitFileType = wrapper.application; includeInIndex = 0; path = SKSpotifyDemo.app; sourceTree = BUILT_PRODUCTS_DIR; };
		8262C0841CC7483500EB596C /* main.m */ = {isa = PBXFileReference; lastKnownFileType = sourcecode.c.objc; path = main.m; sourceTree = "<group>"; };
		8262C0861CC7483500EB596C /* AppDelegate.h */ = {isa = PBXFileReference; lastKnownFileType = sourcecode.c.h; path = AppDelegate.h; sourceTree = "<group>"; };
		8262C0871CC7483500EB596C /* AppDelegate.m */ = {isa = PBXFileReference; lastKnownFileType = sourcecode.c.objc; path = AppDelegate.m; sourceTree = "<group>"; };
		8262C08D1CC7483500EB596C /* Base */ = {isa = PBXFileReference; lastKnownFileType = file.storyboard; name = Base; path = Base.lproj/Main.storyboard; sourceTree = "<group>"; };
		8262C08F1CC7483500EB596C /* Assets.xcassets */ = {isa = PBXFileReference; lastKnownFileType = folder.assetcatalog; path = Assets.xcassets; sourceTree = "<group>"; };
		8262C0921CC7483500EB596C /* Base */ = {isa = PBXFileReference; lastKnownFileType = file.storyboard; name = Base; path = Base.lproj/LaunchScreen.storyboard; sourceTree = "<group>"; };
		8262C0941CC7483500EB596C /* Info.plist */ = {isa = PBXFileReference; lastKnownFileType = text.plist.xml; path = Info.plist; sourceTree = "<group>"; };
		82C0D1A81CC74D7F0025C530 /* AVFoundation.framework */ = {isa = PBXFileReference; lastKnownFileType = wrapper.framework; name = AVFoundation.framework; path = System/Library/Frameworks/AVFoundation.framework; sourceTree = SDKROOT; };
		82C0D27C1CC8BBAB0025C530 /* SKSpotifyPlaybackTableViewController.h */ = {isa = PBXFileReference; fileEncoding = 4; lastKnownFileType = sourcecode.c.h; path = SKSpotifyPlaybackTableViewController.h; sourceTree = "<group>"; };
		82C0D27D1CC8BBAB0025C530 /* SKSpotifyPlaybackTableViewController.m */ = {isa = PBXFileReference; fileEncoding = 4; lastKnownFileType = sourcecode.c.objc; path = SKSpotifyPlaybackTableViewController.m; sourceTree = "<group>"; };
		82C0D27F1CC8C6DE0025C530 /* SKSpotifyPlayerViewController.h */ = {isa = PBXFileReference; fileEncoding = 4; lastKnownFileType = sourcecode.c.h; path = SKSpotifyPlayerViewController.h; sourceTree = "<group>"; };
		82C0D2801CC8C6DE0025C530 /* SKSpotifyPlayerViewController.m */ = {isa = PBXFileReference; fileEncoding = 4; lastKnownFileType = sourcecode.c.objc; path = SKSpotifyPlayerViewController.m; sourceTree = "<group>"; };
		82C5A0761D3D668400F99AE8 /* Spotify.framework */ = {isa = PBXFileReference; lastKnownFileType = wrapper.framework; name = Spotify.framework; path = ../../../SKSpotify/Framework/Spotify.framework; sourceTree = "<group>"; };
/* End PBXFileReference section */

/* Begin PBXFrameworksBuildPhase section */
		8262C07D1CC7483500EB596C /* Frameworks */ = {
			isa = PBXFrameworksBuildPhase;
			buildActionMask = 2147483647;
			files = (
				82C0D1A91CC74D7F0025C530 /* AVFoundation.framework in Frameworks */,
				82C5A0771D3D668400F99AE8 /* Spotify.framework in Frameworks */,
			);
			runOnlyForDeploymentPostprocessing = 0;
		};
/* End PBXFrameworksBuildPhase section */

/* Begin PBXGroup section */
		8262C0771CC7483500EB596C = {
			isa = PBXGroup;
			children = (
				8262C0821CC7483500EB596C /* SKSpotifyDemo */,
				8262C0811CC7483500EB596C /* Products */,
			);
			sourceTree = "<group>";
		};
		8262C0811CC7483500EB596C /* Products */ = {
			isa = PBXGroup;
			children = (
				8262C0801CC7483500EB596C /* SKSpotifyDemo.app */,
			);
			name = Products;
			sourceTree = "<group>";
		};
		8262C0821CC7483500EB596C /* SKSpotifyDemo */ = {
			isa = PBXGroup;
			children = (
				82C0D2791CC8BB720025C530 /* UI */,
				82C0D1A31CC74C7E0025C530 /* Framework */,
				8262C0861CC7483500EB596C /* AppDelegate.h */,
				8262C0871CC7483500EB596C /* AppDelegate.m */,
				8262C08C1CC7483500EB596C /* Main.storyboard */,
				8262C08F1CC7483500EB596C /* Assets.xcassets */,
				8262C0911CC7483500EB596C /* LaunchScreen.storyboard */,
				8262C0941CC7483500EB596C /* Info.plist */,
				8262C0831CC7483500EB596C /* Supporting Files */,
			);
			path = SKSpotifyDemo;
			sourceTree = "<group>";
		};
		8262C0831CC7483500EB596C /* Supporting Files */ = {
			isa = PBXGroup;
			children = (
				8262C0841CC7483500EB596C /* main.m */,
			);
			name = "Supporting Files";
			sourceTree = "<group>";
		};
		82C0D1A31CC74C7E0025C530 /* Framework */ = {
			isa = PBXGroup;
			children = (
				82C5A0761D3D668400F99AE8 /* Spotify.framework */,
				82C0D1A81CC74D7F0025C530 /* AVFoundation.framework */,
			);
			path = Framework;
			sourceTree = "<group>";
		};
		82C0D2791CC8BB720025C530 /* UI */ = {
			isa = PBXGroup;
			children = (
				82C0D27A1CC8BB720025C530 /* Browser */,
				82C0D27B1CC8BB720025C530 /* Player */,
			);
			path = UI;
			sourceTree = "<group>";
		};
		82C0D27A1CC8BB720025C530 /* Browser */ = {
			isa = PBXGroup;
			children = (
				82C0D27C1CC8BBAB0025C530 /* SKSpotifyPlaybackTableViewController.h */,
				82C0D27D1CC8BBAB0025C530 /* SKSpotifyPlaybackTableViewController.m */,
			);
			path = Browser;
			sourceTree = "<group>";
		};
		82C0D27B1CC8BB720025C530 /* Player */ = {
			isa = PBXGroup;
			children = (
				82C0D27F1CC8C6DE0025C530 /* SKSpotifyPlayerViewController.h */,
				82C0D2801CC8C6DE0025C530 /* SKSpotifyPlayerViewController.m */,
			);
			path = Player;
			sourceTree = "<group>";
		};
/* End PBXGroup section */

/* Begin PBXNativeTarget section */
		8262C07F1CC7483500EB596C /* SKSpotifyDemo */ = {
			isa = PBXNativeTarget;
			buildConfigurationList = 8262C0971CC7483500EB596C /* Build configuration list for PBXNativeTarget "SKSpotifyDemo" */;
			buildPhases = (
				8262C07C1CC7483500EB596C /* Sources */,
				8262C07D1CC7483500EB596C /* Frameworks */,
				8262C07E1CC7483500EB596C /* Resources */,
			);
			buildRules = (
			);
			dependencies = (
			);
			name = SKSpotifyDemo;
			productName = SKSpotifyDemo;
			productReference = 8262C0801CC7483500EB596C /* SKSpotifyDemo.app */;
			productType = "com.apple.product-type.application";
		};
/* End PBXNativeTarget section */

/* Begin PBXProject section */
		8262C0781CC7483500EB596C /* Project object */ = {
			isa = PBXProject;
			attributes = {
				LastUpgradeCheck = 0730;
				ORGANIZATIONNAME = SK;
				TargetAttributes = {
					8262C07F1CC7483500EB596C = {
						CreatedOnToolsVersion = 7.3;
					};
				};
			};
			buildConfigurationList = 8262C07B1CC7483500EB596C /* Build configuration list for PBXProject "SKSpotifyDemo" */;
			compatibilityVersion = "Xcode 3.2";
			developmentRegion = English;
			hasScannedForEncodings = 0;
			knownRegions = (
				en,
				Base,
			);
			mainGroup = 8262C0771CC7483500EB596C;
			productRefGroup = 8262C0811CC7483500EB596C /* Products */;
			projectDirPath = "";
			projectRoot = "";
			targets = (
				8262C07F1CC7483500EB596C /* SKSpotifyDemo */,
			);
		};
/* End PBXProject section */

/* Begin PBXResourcesBuildPhase section */
		8262C07E1CC7483500EB596C /* Resources */ = {
			isa = PBXResourcesBuildPhase;
			buildActionMask = 2147483647;
			files = (
				8262C0931CC7483500EB596C /* LaunchScreen.storyboard in Resources */,
				8262C0901CC7483500EB596C /* Assets.xcassets in Resources */,
				8262C08E1CC7483500EB596C /* Main.storyboard in Resources */,
			);
			runOnlyForDeploymentPostprocessing = 0;
		};
/* End PBXResourcesBuildPhase section */

/* Begin PBXSourcesBuildPhase section */
		8262C07C1CC7483500EB596C /* Sources */ = {
			isa = PBXSourcesBuildPhase;
			buildActionMask = 2147483647;
			files = (
				8262C0881CC7483500EB596C /* AppDelegate.m in Sources */,
				8262C0851CC7483500EB596C /* main.m in Sources */,
				82C0D2811CC8C6DE0025C530 /* SKSpotifyPlayerViewController.m in Sources */,
				82C0D27E1CC8BBAB0025C530 /* SKSpotifyPlaybackTableViewController.m in Sources */,
			);
			runOnlyForDeploymentPostprocessing = 0;
		};
/* End PBXSourcesBuildPhase section */

/* Begin PBXVariantGroup section */
		8262C08C1CC7483500EB596C /* Main.storyboard */ = {
			isa = PBXVariantGroup;
			children = (
				8262C08D1CC7483500EB596C /* Base */,
			);
			name = Main.storyboard;
			sourceTree = "<group>";
		};
		8262C0911CC7483500EB596C /* LaunchScreen.storyboard */ = {
			isa = PBXVariantGroup;
			children = (
				8262C0921CC7483500EB596C /* Base */,
			);
			name = LaunchScreen.storyboard;
			sourceTree = "<group>";
		};
/* End PBXVariantGroup section */

/* Begin XCBuildConfiguration section */
		8262C0951CC7483500EB596C /* Debug */ = {
			isa = XCBuildConfiguration;
			buildSettings = {
				ALWAYS_SEARCH_USER_PATHS = NO;
				CLANG_ANALYZER_NONNULL = YES;
				CLANG_CXX_LANGUAGE_STANDARD = "gnu++0x";
				CLANG_CXX_LIBRARY = "libc++";
				CLANG_ENABLE_MODULES = YES;
				CLANG_ENABLE_OBJC_ARC = YES;
				CLANG_WARN_BOOL_CONVERSION = YES;
				CLANG_WARN_CONSTANT_CONVERSION = YES;
				CLANG_WARN_DIRECT_OBJC_ISA_USAGE = YES_ERROR;
				CLANG_WARN_EMPTY_BODY = YES;
				CLANG_WARN_ENUM_CONVERSION = YES;
				CLANG_WARN_INT_CONVERSION = YES;
				CLANG_WARN_OBJC_ROOT_CLASS = YES_ERROR;
				CLANG_WARN_UNREACHABLE_CODE = YES;
				CLANG_WARN__DUPLICATE_METHOD_MATCH = YES;
				"CODE_SIGN_IDENTITY[sdk=iphoneos*]" = "iPhone Developer";
				COPY_PHASE_STRIP = NO;
				DEBUG_INFORMATION_FORMAT = dwarf;
				ENABLE_STRICT_OBJC_MSGSEND = YES;
				ENABLE_TESTABILITY = YES;
				GCC_C_LANGUAGE_STANDARD = gnu99;
				GCC_DYNAMIC_NO_PIC = NO;
				GCC_NO_COMMON_BLOCKS = YES;
				GCC_OPTIMIZATION_LEVEL = 0;
				GCC_PREPROCESSOR_DEFINITIONS = (
					"DEBUG=1",
					"$(inherited)",
				);
				GCC_WARN_64_TO_32_BIT_CONVERSION = YES;
				GCC_WARN_ABOUT_RETURN_TYPE = YES_ERROR;
				GCC_WARN_UNDECLARED_SELECTOR = YES;
				GCC_WARN_UNINITIALIZED_AUTOS = YES_AGGRESSIVE;
				GCC_WARN_UNUSED_FUNCTION = YES;
				GCC_WARN_UNUSED_VARIABLE = YES;
				IPHONEOS_DEPLOYMENT_TARGET = 9.3;
				MTL_ENABLE_DEBUG_INFO = YES;
				ONLY_ACTIVE_ARCH = YES;
				SDKROOT = iphoneos;
				TARGETED_DEVICE_FAMILY = "1,2";
			};
			name = Debug;
		};
		8262C0961CC7483500EB596C /* Release */ = {
			isa = XCBuildConfiguration;
			buildSettings = {
				ALWAYS_SEARCH_USER_PATHS = NO;
				CLANG_ANALYZER_NONNULL = YES;
				CLANG_CXX_LANGUAGE_STANDARD = "gnu++0x";
				CLANG_CXX_LIBRARY = "libc++";
				CLANG_ENABLE_MODULES = YES;
				CLANG_ENABLE_OBJC_ARC = YES;
				CLANG_WARN_BOOL_CONVERSION = YES;
				CLANG_WARN_CONSTANT_CONVERSION = YES;
				CLANG_WARN_DIRECT_OBJC_ISA_USAGE = YES_ERROR;
				CLANG_WARN_EMPTY_BODY = YES;
				CLANG_WARN_ENUM_CONVERSION = YES;
				CLANG_WARN_INT_CONVERSION = YES;
				CLANG_WARN_OBJC_ROOT_CLASS = YES_ERROR;
				CLANG_WARN_UNREACHABLE_CODE = YES;
				CLANG_WARN__DUPLICATE_METHOD_MATCH = YES;
				"CODE_SIGN_IDENTITY[sdk=iphoneos*]" = "iPhone Developer";
				COPY_PHASE_STRIP = NO;
				DEBUG_INFORMATION_FORMAT = "dwarf-with-dsym";
				ENABLE_NS_ASSERTIONS = NO;
				ENABLE_STRICT_OBJC_MSGSEND = YES;
				GCC_C_LANGUAGE_STANDARD = gnu99;
				GCC_NO_COMMON_BLOCKS = YES;
				GCC_WARN_64_TO_32_BIT_CONVERSION = YES;
				GCC_WARN_ABOUT_RETURN_TYPE = YES_ERROR;
				GCC_WARN_UNDECLARED_SELECTOR = YES;
				GCC_WARN_UNINITIALIZED_AUTOS = YES_AGGRESSIVE;
				GCC_WARN_UNUSED_FUNCTION = YES;
				GCC_WARN_UNUSED_VARIABLE = YES;
				IPHONEOS_DEPLOYMENT_TARGET = 9.3;
				MTL_ENABLE_DEBUG_INFO = NO;
				SDKROOT = iphoneos;
				TARGETED_DEVICE_FAMILY = "1,2";
				VALIDATE_PRODUCT = YES;
			};
			name = Release;
		};
		8262C0981CC7483500EB596C /* Debug */ = {
			isa = XCBuildConfiguration;
			buildSettings = {
				ASSETCATALOG_COMPILER_APPICON_NAME = AppIcon;
				FRAMEWORK_SEARCH_PATHS = "$(PROJECT_DIR)/../SKSpotify/Framework";
				INFOPLIST_FILE = SKSpotifyDemo/Info.plist;
				LD_RUNPATH_SEARCH_PATHS = "$(inherited) @executable_path/Frameworks";
				OTHER_LDFLAGS = "-ObjC";
				PRODUCT_BUNDLE_IDENTIFIER = com.github.skchen.SKSpotifyDemo;
				PRODUCT_NAME = "$(TARGET_NAME)";
			};
			name = Debug;
		};
		8262C0991CC7483500EB596C /* Release */ = {
			isa = XCBuildConfiguration;
			buildSettings = {
				ASSETCATALOG_COMPILER_APPICON_NAME = AppIcon;
				FRAMEWORK_SEARCH_PATHS = "$(PROJECT_DIR)/../SKSpotify/Framework";
				INFOPLIST_FILE = SKSpotifyDemo/Info.plist;
				LD_RUNPATH_SEARCH_PATHS = "$(inherited) @executable_path/Frameworks";
				OTHER_LDFLAGS = "-ObjC";
				PRODUCT_BUNDLE_IDENTIFIER = com.github.skchen.SKSpotifyDemo;
				PRODUCT_NAME = "$(TARGET_NAME)";
			};
			name = Release;
		};
/* End XCBuildConfiguration section */

/* Begin XCConfigurationList section */
		8262C07B1CC7483500EB596C /* Build configuration list for PBXProject "SKSpotifyDemo" */ = {
			isa = XCConfigurationList;
			buildConfigurations = (
				8262C0951CC7483500EB596C /* Debug */,
				8262C0961CC7483500EB596C /* Release */,
			);
			defaultConfigurationIsVisible = 0;
			defaultConfigurationName = Release;
		};
		8262C0971CC7483500EB596C /* Build configuration list for PBXNativeTarget "SKSpotifyDemo" */ = {
			isa = XCConfigurationList;
			buildConfigurations = (
				8262C0981CC7483500EB596C /* Debug */,
				8262C0991CC7483500EB596C /* Release */,
			);
			defaultConfigurationIsVisible = 0;
			defaultConfigurationName = Release;
		};
/* End XCConfigurationList section */
	};
	rootObject = 8262C0781CC7483500EB596C /* Project object */;
}
